// !$*UTF8*$!
{
	archiveVersion = 1;
	classes = {
	};
	objectVersion = 48;
	objects = {

/* Begin PBXBuildFile section */
		2C3B3A7F1F8ED68E00631E89 /* AppDelegate.swift in Sources */ = {isa = PBXBuildFile; fileRef = 2C3B3A7E1F8ED68E00631E89 /* AppDelegate.swift */; };
		2C3B3A811F8ED68E00631E89 /* ViewController.swift in Sources */ = {isa = PBXBuildFile; fileRef = 2C3B3A801F8ED68E00631E89 /* ViewController.swift */; };
		2C3B3A841F8ED68E00631E89 /* Main.storyboard in Resources */ = {isa = PBXBuildFile; fileRef = 2C3B3A821F8ED68E00631E89 /* Main.storyboard */; };
		2C3B3A861F8ED68E00631E89 /* Assets.xcassets in Resources */ = {isa = PBXBuildFile; fileRef = 2C3B3A851F8ED68E00631E89 /* Assets.xcassets */; };
		2C3B3A891F8ED68E00631E89 /* LaunchScreen.storyboard in Resources */ = {isa = PBXBuildFile; fileRef = 2C3B3A871F8ED68E00631E89 /* LaunchScreen.storyboard */; };
		2C3B3A911F8ED95500631E89 /* DatePickerViewController.swift in Sources */ = {isa = PBXBuildFile; fileRef = 2C3B3A901F8ED95500631E89 /* DatePickerViewController.swift */; };
		2C3B3A931F8ED9D700631E89 /* SingleComponentPickerViewController.swift in Sources */ = {isa = PBXBuildFile; fileRef = 2C3B3A921F8ED9D700631E89 /* SingleComponentPickerViewController.swift */; };
		2C3B3A951F8ED9F100631E89 /* DoubleComponentPickerViewController.swift in Sources */ = {isa = PBXBuildFile; fileRef = 2C3B3A941F8ED9F100631E89 /* DoubleComponentPickerViewController.swift */; };
		2C3B3A971F8EDA0B00631E89 /* DependentComponentPickerViewController.swift in Sources */ = {isa = PBXBuildFile; fileRef = 2C3B3A961F8EDA0B00631E89 /* DependentComponentPickerViewController.swift */; };
		2C3B3A991F8EDA1D00631E89 /* CustomPickerViewController.swift in Sources */ = {isa = PBXBuildFile; fileRef = 2C3B3A981F8EDA1D00631E89 /* CustomPickerViewController.swift */; };
/* End PBXBuildFile section */

/* Begin PBXFileReference section */
		2C3B3A7B1F8ED68E00631E89 /* MAPD714-F2017-Lesson6.app */ = {isa = PBXFileReference; explicitFileType = wrapper.application; includeInIndex = 0; path = "MAPD714-F2017-Lesson6.app"; sourceTree = BUILT_PRODUCTS_DIR; };
		2C3B3A7E1F8ED68E00631E89 /* AppDelegate.swift */ = {isa = PBXFileReference; lastKnownFileType = sourcecode.swift; path = AppDelegate.swift; sourceTree = "<group>"; };
		2C3B3A801F8ED68E00631E89 /* ViewController.swift */ = {isa = PBXFileReference; lastKnownFileType = sourcecode.swift; path = ViewController.swift; sourceTree = "<group>"; };
		2C3B3A831F8ED68E00631E89 /* Base */ = {isa = PBXFileReference; lastKnownFileType = file.storyboard; name = Base; path = Base.lproj/Main.storyboard; sourceTree = "<group>"; };
		2C3B3A851F8ED68E00631E89 /* Assets.xcassets */ = {isa = PBXFileReference; lastKnownFileType = folder.assetcatalog; path = Assets.xcassets; sourceTree = "<group>"; };
		2C3B3A881F8ED68E00631E89 /* Base */ = {isa = PBXFileReference; lastKnownFileType = file.storyboard; name = Base; path = Base.lproj/LaunchScreen.storyboard; sourceTree = "<group>"; };
		2C3B3A8A1F8ED68E00631E89 /* Info.plist */ = {isa = PBXFileReference; lastKnownFileType = text.plist.xml; path = Info.plist; sourceTree = "<group>"; };
		2C3B3A901F8ED95500631E89 /* DatePickerViewController.swift */ = {isa = PBXFileReference; lastKnownFileType = sourcecode.swift; path = DatePickerViewController.swift; sourceTree = "<group>"; };
		2C3B3A921F8ED9D700631E89 /* SingleComponentPickerViewController.swift */ = {isa = PBXFileReference; lastKnownFileType = sourcecode.swift; path = SingleComponentPickerViewController.swift; sourceTree = "<group>"; };
		2C3B3A941F8ED9F100631E89 /* DoubleComponentPickerViewController.swift */ = {isa = PBXFileReference; lastKnownFileType = sourcecode.swift; path = DoubleComponentPickerViewController.swift; sourceTree = "<group>"; };
		2C3B3A961F8EDA0B00631E89 /* DependentComponentPickerViewController.swift */ = {isa = PBXFileReference; lastKnownFileType = sourcecode.swift; path = DependentComponentPickerViewController.swift; sourceTree = "<group>"; };
		2C3B3A981F8EDA1D00631E89 /* CustomPickerViewController.swift */ = {isa = PBXFileReference; lastKnownFileType = sourcecode.swift; path = CustomPickerViewController.swift; sourceTree = "<group>"; };
/* End PBXFileReference section */

/* Begin PBXFrameworksBuildPhase section */
		2C3B3A781F8ED68E00631E89 /* Frameworks */ = {
			isa = PBXFrameworksBuildPhase;
			buildActionMask = 2147483647;
			files = (
			);
			runOnlyForDeploymentPostprocessing = 0;
		};
/* End PBXFrameworksBuildPhase section */

/* Begin PBXGroup section */
		2C3B3A721F8ED68E00631E89 = {
			isa = PBXGroup;
			children = (
				2C3B3A7D1F8ED68E00631E89 /* MAPD714-F2017-Lesson6 */,
				2C3B3A7C1F8ED68E00631E89 /* Products */,
			);
			sourceTree = "<group>";
		};
		2C3B3A7C1F8ED68E00631E89 /* Products */ = {
			isa = PBXGroup;
			children = (
				2C3B3A7B1F8ED68E00631E89 /* MAPD714-F2017-Lesson6.app */,
			);
			name = Products;
			sourceTree = "<group>";
		};
		2C3B3A7D1F8ED68E00631E89 /* MAPD714-F2017-Lesson6 */ = {
			isa = PBXGroup;
			children = (
				2C3B3A7E1F8ED68E00631E89 /* AppDelegate.swift */,
				2C3B3A801F8ED68E00631E89 /* ViewController.swift */,
				2C3B3A901F8ED95500631E89 /* DatePickerViewController.swift */,
				2C3B3A921F8ED9D700631E89 /* SingleComponentPickerViewController.swift */,
				2C3B3A941F8ED9F100631E89 /* DoubleComponentPickerViewController.swift */,
				2C3B3A961F8EDA0B00631E89 /* DependentComponentPickerViewController.swift */,
				2C3B3A981F8EDA1D00631E89 /* CustomPickerViewController.swift */,
				2C3B3A821F8ED68E00631E89 /* Main.storyboard */,
				2C3B3A851F8ED68E00631E89 /* Assets.xcassets */,
				2C3B3A871F8ED68E00631E89 /* LaunchScreen.storyboard */,
				2C3B3A8A1F8ED68E00631E89 /* Info.plist */,
			);
			path = "MAPD714-F2017-Lesson6";
			sourceTree = "<group>";
		};
/* End PBXGroup section */

/* Begin PBXNativeTarget section */
		2C3B3A7A1F8ED68E00631E89 /* MAPD714-F2017-Lesson6 */ = {
			isa = PBXNativeTarget;
			buildConfigurationList = 2C3B3A8D1F8ED68E00631E89 /* Build configuration list for PBXNativeTarget "MAPD714-F2017-Lesson6" */;
			buildPhases = (
				2C3B3A771F8ED68E00631E89 /* Sources */,
				2C3B3A781F8ED68E00631E89 /* Frameworks */,
				2C3B3A791F8ED68E00631E89 /* Resources */,
			);
			buildRules = (
			);
			dependencies = (
			);
			name = "MAPD714-F2017-Lesson6";
			productName = "MAPD714-F2017-Lesson6";
			productReference = 2C3B3A7B1F8ED68E00631E89 /* MAPD714-F2017-Lesson6.app */;
			productType = "com.apple.product-type.application";
		};
/* End PBXNativeTarget section */

/* Begin PBXProject section */
		2C3B3A731F8ED68E00631E89 /* Project object */ = {
			isa = PBXProject;
			attributes = {
				LastSwiftUpdateCheck = 0900;
				LastUpgradeCheck = 0900;
				ORGANIZATIONNAME = "Centennial College";
				TargetAttributes = {
					2C3B3A7A1F8ED68E00631E89 = {
						CreatedOnToolsVersion = 9.0;
						ProvisioningStyle = Automatic;
					};
				};
			};
			buildConfigurationList = 2C3B3A761F8ED68E00631E89 /* Build configuration list for PBXProject "MAPD714-F2017-Lesson6" */;
			compatibilityVersion = "Xcode 8.0";
			developmentRegion = en;
			hasScannedForEncodings = 0;
			knownRegions = (
				en,
				Base,
			);
			mainGroup = 2C3B3A721F8ED68E00631E89;
			productRefGroup = 2C3B3A7C1F8ED68E00631E89 /* Products */;
			projectDirPath = "";
			projectRoot = "";
			targets = (
				2C3B3A7A1F8ED68E00631E89 /* MAPD714-F2017-Lesson6 */,
			);
		};
/* End PBXProject section */

/* Begin PBXResourcesBuildPhase section */
		2C3B3A791F8ED68E00631E89 /* Resources */ = {
			isa = PBXResourcesBuildPhase;
			buildActionMask = 2147483647;
			files = (
				2C3B3A891F8ED68E00631E89 /* LaunchScreen.storyboard in Resources */,
				2C3B3A861F8ED68E00631E89 /* Assets.xcassets in Resources */,
				2C3B3A841F8ED68E00631E89 /* Main.storyboard in Resources */,
			);
			runOnlyForDeploymentPostprocessing = 0;
		};
/* End PBXResourcesBuildPhase section */

/* Begin PBXSourcesBuildPhase section */
		2C3B3A771F8ED68E00631E89 /* Sources */ = {
			isa = PBXSourcesBuildPhase;
			buildActionMask = 2147483647;
			files = (
				2C3B3A811F8ED68E00631E89 /* ViewController.swift in Sources */,
				2C3B3A7F1F8ED68E00631E89 /* AppDelegate.swift in Sources */,
				2C3B3A971F8EDA0B00631E89 /* DependentComponentPickerViewController.swift in Sources */,
				2C3B3A951F8ED9F100631E89 /* DoubleComponentPickerViewController.swift in Sources */,
				2C3B3A991F8EDA1D00631E89 /* CustomPickerViewController.swift in Sources */,
				2C3B3A931F8ED9D700631E89 /* SingleComponentPickerViewController.swift in Sources */,
				2C3B3A911F8ED95500631E89 /* DatePickerViewController.swift in Sources */,
			);
			runOnlyForDeploymentPostprocessing = 0;
		};
/* End PBXSourcesBuildPhase section */

/* Begin PBXVariantGroup section */
		2C3B3A821F8ED68E00631E89 /* Main.storyboard */ = {
			isa = PBXVariantGroup;
			children = (
				2C3B3A831F8ED68E00631E89 /* Base */,
			);
			name = Main.storyboard;
			sourceTree = "<group>";
		};
		2C3B3A871F8ED68E00631E89 /* LaunchScreen.storyboard */ = {
			isa = PBXVariantGroup;
			children = (
				2C3B3A881F8ED68E00631E89 /* Base */,
			);
			name = LaunchScreen.storyboard;
			sourceTree = "<group>";
		};
/* End PBXVariantGroup section */

/* Begin XCBuildConfiguration section */
		2C3B3A8B1F8ED68E00631E89 /* Debug */ = {
			isa = XCBuildConfiguration;
			buildSettings = {
				ALWAYS_SEARCH_USER_PATHS = NO;
				CLANG_ANALYZER_NONNULL = YES;
				CLANG_ANALYZER_NUMBER_OBJECT_CONVERSION = YES_AGGRESSIVE;
				CLANG_CXX_LANGUAGE_STANDARD = "gnu++14";
				CLANG_CXX_LIBRARY = "libc++";
				CLANG_ENABLE_MODULES = YES;
				CLANG_ENABLE_OBJC_ARC = YES;
				CLANG_WARN_BLOCK_CAPTURE_AUTORELEASING = YES;
				CLANG_WARN_BOOL_CONVERSION = YES;
				CLANG_WARN_COMMA = YES;
				CLANG_WARN_CONSTANT_CONVERSION = YES;
				CLANG_WARN_DIRECT_OBJC_ISA_USAGE = YES_ERROR;
				CLANG_WARN_DOCUMENTATION_COMMENTS = YES;
				CLANG_WARN_EMPTY_BODY = YES;
				CLANG_WARN_ENUM_CONVERSION = YES;
				CLANG_WARN_INFINITE_RECURSION = YES;
				CLANG_WARN_INT_CONVERSION = YES;
				CLANG_WARN_NON_LITERAL_NULL_CONVERSION = YES;
				CLANG_WARN_OBJC_LITERAL_CONVERSION = YES;
				CLANG_WARN_OBJC_ROOT_CLASS = YES_ERROR;
				CLANG_WARN_RANGE_LOOP_ANALYSIS = YES;
				CLANG_WARN_STRICT_PROTOTYPES = YES;
				CLANG_WARN_SUSPICIOUS_MOVE = YES;
				CLANG_WARN_UNGUARDED_AVAILABILITY = YES_AGGRESSIVE;
				CLANG_WARN_UNREACHABLE_CODE = YES;
				CLANG_WARN__DUPLICATE_METHOD_MATCH = YES;
				CODE_SIGN_IDENTITY = "iPhone Developer";
				COPY_PHASE_STRIP = NO;
				DEBUG_INFORMATION_FORMAT = dwarf;
				ENABLE_STRICT_OBJC_MSGSEND = YES;
				ENABLE_TESTABILITY = YES;
				GCC_C_LANGUAGE_STANDARD = gnu11;
				GCC_DYNAMIC_NO_PIC = NO;
				GCC_NO_COMMON_BLOCKS = YES;
				GCC_OPTIMIZATION_LEVEL = 0;
				GCC_PREPROCESSOR_DEFINITIONS = (
					"DEBUG=1",
					"$(inherited)",
				);
				GCC_WARN_64_TO_32_BIT_CONVERSION = YES;
				GCC_WARN_ABOUT_RETURN_TYPE = YES_ERROR;
				GCC_WARN_UNDECLARED_SELECTOR = YES;
				GCC_WARN_UNINITIALIZED_AUTOS = YES_AGGRESSIVE;
				GCC_WARN_UNUSED_FUNCTION = YES;
				GCC_WARN_UNUSED_VARIABLE = YES;
				IPHONEOS_DEPLOYMENT_TARGET = 11.0;
				MTL_ENABLE_DEBUG_INFO = YES;
				ONLY_ACTIVE_ARCH = YES;
				SDKROOT = iphoneos;
				SWIFT_ACTIVE_COMPILATION_CONDITIONS = DEBUG;
				SWIFT_OPTIMIZATION_LEVEL = "-Onone";
			};
			name = Debug;
		};
		2C3B3A8C1F8ED68E00631E89 /* Release */ = {
			isa = XCBuildConfiguration;
			buildSettings = {
				ALWAYS_SEARCH_USER_PATHS = NO;
				CLANG_ANALYZER_NONNULL = YES;
				CLANG_ANALYZER_NUMBER_OBJECT_CONVERSION = YES_AGGRESSIVE;
				CLANG_CXX_LANGUAGE_STANDARD = "gnu++14";
				CLANG_CXX_LIBRARY = "libc++";
				CLANG_ENABLE_MODULES = YES;
				CLANG_ENABLE_OBJC_ARC = YES;
				CLANG_WARN_BLOCK_CAPTURE_AUTORELEASING = YES;
				CLANG_WARN_BOOL_CONVERSION = YES;
				CLANG_WARN_COMMA = YES;
				CLANG_WARN_CONSTANT_CONVERSION = YES;
				CLANG_WARN_DIRECT_OBJC_ISA_USAGE = YES_ERROR;
				CLANG_WARN_DOCUMENTATION_COMMENTS = YES;
				CLANG_WARN_EMPTY_BODY = YES;
				CLANG_WARN_ENUM_CONVERSION = YES;
				CLANG_WARN_INFINITE_RECURSION = YES;
				CLANG_WARN_INT_CONVERSION = YES;
				CLANG_WARN_NON_LITERAL_NULL_CONVERSION = YES;
				CLANG_WARN_OBJC_LITERAL_CONVERSION = YES;
				CLANG_WARN_OBJC_ROOT_CLASS = YES_ERROR;
				CLANG_WARN_RANGE_LOOP_ANALYSIS = YES;
				CLANG_WARN_STRICT_PROTOTYPES = YES;
				CLANG_WARN_SUSPICIOUS_MOVE = YES;
				CLANG_WARN_UNGUARDED_AVAILABILITY = YES_AGGRESSIVE;
				CLANG_WARN_UNREACHABLE_CODE = YES;
				CLANG_WARN__DUPLICATE_METHOD_MATCH = YES;
				CODE_SIGN_IDENTITY = "iPhone Developer";
				COPY_PHASE_STRIP = NO;
				DEBUG_INFORMATION_FORMAT = "dwarf-with-dsym";
				ENABLE_NS_ASSERTIONS = NO;
				ENABLE_STRICT_OBJC_MSGSEND = YES;
				GCC_C_LANGUAGE_STANDARD = gnu11;
				GCC_NO_COMMON_BLOCKS = YES;
				GCC_WARN_64_TO_32_BIT_CONVERSION = YES;
				GCC_WARN_ABOUT_RETURN_TYPE = YES_ERROR;
				GCC_WARN_UNDECLARED_SELECTOR = YES;
				GCC_WARN_UNINITIALIZED_AUTOS = YES_AGGRESSIVE;
				GCC_WARN_UNUSED_FUNCTION = YES;
				GCC_WARN_UNUSED_VARIABLE = YES;
				IPHONEOS_DEPLOYMENT_TARGET = 11.0;
				MTL_ENABLE_DEBUG_INFO = NO;
				SDKROOT = iphoneos;
				SWIFT_OPTIMIZATION_LEVEL = "-Owholemodule";
				VALIDATE_PRODUCT = YES;
			};
			name = Release;
		};
		2C3B3A8E1F8ED68E00631E89 /* Debug */ = {
			isa = XCBuildConfiguration;
			buildSettings = {
				ASSETCATALOG_COMPILER_APPICON_NAME = AppIcon;
				CODE_SIGN_STYLE = Automatic;
				DEVELOPMENT_TEAM = 2BULHRS882;
				INFOPLIST_FILE = "MAPD714-F2017-Lesson6/Info.plist";
				LD_RUNPATH_SEARCH_PATHS = "$(inherited) @executable_path/Frameworks";
				PRODUCT_BUNDLE_IDENTIFIER = "ca.centennialcollege.MAPD714-F2017-Lesson6";
				PRODUCT_NAME = "$(TARGET_NAME)";
				SWIFT_VERSION = 4.0;
				TARGETED_DEVICE_FAMILY = "1,2";
			};
			name = Debug;
		};
		2C3B3A8F1F8ED68E00631E89 /* Release */ = {
			isa = XCBuildConfiguration;
			buildSettings = {
				ASSETCATALOG_COMPILER_APPICON_NAME = AppIcon;
				CODE_SIGN_STYLE = Automatic;
				DEVELOPMENT_TEAM = 2BULHRS882;
				INFOPLIST_FILE = "MAPD714-F2017-Lesson6/Info.plist";
				LD_RUNPATH_SEARCH_PATHS = "$(inherited) @executable_path/Frameworks";
				PRODUCT_BUNDLE_IDENTIFIER = "ca.centennialcollege.MAPD714-F2017-Lesson6";
				PRODUCT_NAME = "$(TARGET_NAME)";
				SWIFT_VERSION = 4.0;
				TARGETED_DEVICE_FAMILY = "1,2";
			};
			name = Release;
		};
/* End XCBuildConfiguration section */

/* Begin XCConfigurationList section */
		2C3B3A761F8ED68E00631E89 /* Build configuration list for PBXProject "MAPD714-F2017-Lesson6" */ = {
			isa = XCConfigurationList;
			buildConfigurations = (
				2C3B3A8B1F8ED68E00631E89 /* Debug */,
				2C3B3A8C1F8ED68E00631E89 /* Release */,
			);
			defaultConfigurationIsVisible = 0;
			defaultConfigurationName = Release;
		};
		2C3B3A8D1F8ED68E00631E89 /* Build configuration list for PBXNativeTarget "MAPD714-F2017-Lesson6" */ = {
			isa = XCConfigurationList;
			buildConfigurations = (
				2C3B3A8E1F8ED68E00631E89 /* Debug */,
				2C3B3A8F1F8ED68E00631E89 /* Release */,
			);
			defaultConfigurationIsVisible = 0;
			defaultConfigurationName = Release;
		};
/* End XCConfigurationList section */
	};
	rootObject = 2C3B3A731F8ED68E00631E89 /* Project object */;
}
